
Microsoft Visual Studio Solution File, Format Version 12.00
# Visual Studio Version 16
VisualStudioVersion = 16.0.30320.27
MinimumVisualStudioVersion = 10.0.40219.1
Project("{8BC9CEB8-8B4A-11D0-8D11-00A0C91BC942}") = "GarageArithmetic", "GarageArithmetic\GarageArithmetic.vcxproj", "{E880DAEC-7838-47FB-9FBE-04BC1B8DA5FA}"
EndProject
Global
	GlobalSection(SolutionConfigurationPlatforms) = preSolution
		Debug|x64 = Debug|x64
		Debug|x86 = Debug|x86
		Release|x64 = Release|x64
		Release|x86 = Release|x86
	EndGlobalSection
	GlobalSection(ProjectConfigurationPlatforms) = postSolution
		{E880DAEC-7838-47FB-9FBE-04BC1B8DA5FA}.Debug|x64.ActiveCfg = Debug|x64
		{E880DAEC-7838-47FB-9FBE-04BC1B8DA5FA}.Debug|x64.Build.0 = Debug|x64
		{E880DAEC-7838-47FB-9FBE-04BC1B8DA5FA}.Debug|x86.ActiveCfg = Debug|Win32
		{E880DAEC-7838-47FB-9FBE-04BC1B8DA5FA}.Debug|x86.Build.0 = Debug|Win32
		{E880DAEC-7838-47FB-9FBE-04BC1B8DA5FA}.Release|x64.ActiveCfg = Release|x64
		{E880DAEC-7838-47FB-9FBE-04BC1B8DA5FA}.Release|x64.Build.0 = Release|x64
		{E880DAEC-7838-47FB-9FBE-04BC1B8DA5FA}.Release|x86.ActiveCfg = Release|Win32
		{E880DAEC-7838-47FB-9FBE-04BC1B8DA5FA}.Release|x86.Build.0 = Release|Win32
	EndGlobalSection
	GlobalSection(SolutionProperties) = preSolution
		HideSolutionNode = FALSE
	EndGlobalSection
	GlobalSection(ExtensibilityGlobals) = postSolution
		SolutionGuid = {AE9D1D5F-F880-42A7-ACE0-C91AE2671122}
	EndGlobalSection
EndGlobal
